
Microsoft Visual Studio Solution File, Format Version 12.00
# Visual Studio Version 17
VisualStudioVersion = 17.5.002.0
MinimumVisualStudioVersion = 10.0.40219.1
Project("{9A19103F-16F7-4668-BE54-9A1E7A4F7556}") = "Mastermind", "Mastermind.csproj", "{68927350-5BBB-4CFC-85EA-33EA2234C375}"
EndProject
Global
	GlobalSection(SolutionConfigurationPlatforms) = preSolution
		Debug|Any CPU = Debug|Any CPU
		Release|Any CPU = Release|Any CPU
	EndGlobalSection
	GlobalSection(ProjectConfigurationPlatforms) = postSolution
		{68927350-5BBB-4CFC-85EA-33EA2234C375}.Debug|Any CPU.ActiveCfg = Debug|Any CPU
		{68927350-5BBB-4CFC-85EA-33EA2234C375}.Debug|Any CPU.Build.0 = Debug|Any CPU
		{68927350-5BBB-4CFC-85EA-33EA2234C375}.Release|Any CPU.ActiveCfg = Release|Any CPU
		{68927350-5BBB-4CFC-85EA-33EA2234C375}.Release|Any CPU.Build.0 = Release|Any CPU
	EndGlobalSection
	GlobalSection(SolutionProperties) = preSolution
		HideSolutionNode = FALSE
	EndGlobalSection
	GlobalSection(ExtensibilityGlobals) = postSolution
		SolutionGuid = {A7BBEEDD-DE23-40C6-88CA-AB984928F492}
	EndGlobalSection
EndGlobal
